{
  "name": "serverpackcreator-web-frontend",
  "version": "2.0.0",
  "lockfileVersion": 1,
  "requires": true,
  "dependencies": {
    "quasar": {
      "version": "2.17.0",
      "resolved": "https://registry.npmjs.org/quasar/-/quasar-2.17.0.tgz",
      "integrity": "sha512-xFWwCt4FGuaC0M4/MA5drjBiCP7kj/5BsUPv2+dDIlyQG9YGvKIewCnWYYt02r4ijRqJSzPb7TsH89Gzkno1Mg=="
    }
  }
}
