{
  "name": "serverpackcreator-web-frontend",
  "version": "2.0.0",
  "lockfileVersion": 1,
  "requires": true,
  "dependencies": {
    "@quasar/extras": {
      "version": "1.16.12",
      "resolved": "https://registry.npmjs.org/@quasar/extras/-/extras-1.16.12.tgz",
      "integrity": "sha512-hLlb3Buxo38Xg/2w0BTkz98RBh/VH8apZ2r6Fl8YpPgrVQ0diHyN/BVTvIOk5Kch2y38L2kvwOIddsB2UcCuIg=="
    }
  }
}
